{
  "name": "city.loc",
  "lockfileVersion": 2,
  "requires": true,
  "packages": {
    "": {
      "dependencies": {
        "7": "^0.0.1",
        "laravel-echo": "^1.14.2",
        "pusher-js": "^8.0.0",
        "v7": "^1.0.1"
      }
    },
    "node_modules/@types/express-serve-static-core": {
      "version": "4.17.28",
      "resolved": "https://registry.npmjs.org/@types/express-serve-static-core/-/express-serve-static-core-4.17.28.tgz",
      "integrity": "sha512-P1BJAEAW3E2DJUlkgq4tOL3RyMunoWXqbSCygWo5ZIWTjUgN1YnaXWW4VWl/oc8vs/XoYibEGBKP0uZyF4AHig==",
      "dependencies": {
        "@types/node": "*",
        "@types/qs": "*",
        "@types/range-parser": "*"
      }
    },
    "node_modules/@types/node": {
      "version": "14.18.36",
      "resolved": "https://registry.npmjs.org/@types/node/-/node-14.18.36.tgz",
      "integrity": "sha512-FXKWbsJ6a1hIrRxv+FoukuHnGTgEzKYGi7kilfMae96AL9UNkPFNWJEEYWzdRI9ooIkbr4AKldyuSTLql06vLQ=="
    },
    "node_modules/@types/qs": {
      "version": "6.9.7",
      "resolved": "https://registry.npmjs.org/@types/qs/-/qs-6.9.7.tgz",
      "integrity": "sha512-FGa1F62FT09qcrueBA6qYTrJPVDzah9a+493+o2PCXsesWHIn27G98TsSMs3WPNbZIEj4+VJf6saSFpvD+3Zsw=="
    },
    "node_modules/@types/range-parser": {
      "version": "1.2.4",
      "resolved": "https://registry.npmjs.org/@types/range-parser/-/range-parser-1.2.4.tgz",
      "integrity": "sha512-EEhsLsD6UsDM1yFhAvy0Cjr6VwmpMWqFBCb9w07wVugF7w9nfajxLuVmngTIpgS6svCnm6Vaw+MZhoDCKnOfsw=="
    },
    "node_modules/7": {
      "version": "0.0.1",
      "resolved": "https://registry.npmjs.org/7/-/7-0.0.1.tgz",
      "integrity": "sha512-o9Q7is0K/9DsIRFke4wkUu3f9mVNC+n1wZHG71FAo1U1vhsj7WrUpRfHHrMR11o7jC22xH/6jd5KND/8rhDRlQ=="
    },
    "node_modules/laravel-echo": {
      "version": "1.14.2",
      "resolved": "https://registry.npmjs.org/laravel-echo/-/laravel-echo-1.14.2.tgz",
      "integrity": "sha512-oSQOlkdU9xCzW79g45/RN/zAQdjX7aHiVTAswv1pPv1aLukU/kZjMf2NDnkNQAwkORbh0255gahNIUN8M/Ev9g==",
      "engines": {
        "node": ">=10"
      }
    },
    "node_modules/pusher-js": {
      "version": "8.0.0",
      "resolved": "https://registry.npmjs.org/pusher-js/-/pusher-js-8.0.0.tgz",
      "integrity": "sha512-YGlUEk8PbM/msaQ+bL6nP7f1f0zOb6nNNtE+TRvENfhvs8ctVftBMmnji8qBNdmW8I80X/956jnvt+8wIu80Kg==",
      "dependencies": {
        "@types/express-serve-static-core": "4.17.28",
        "@types/node": "^14.14.31",
        "tweetnacl": "^1.0.3"
      }
    },
    "node_modules/tweetnacl": {
      "version": "1.0.3",
      "resolved": "https://registry.npmjs.org/tweetnacl/-/tweetnacl-1.0.3.tgz",
      "integrity": "sha512-6rt+RN7aOi1nGMyC4Xa5DdYiukl2UWCbcJft7YhxReBGQD7OAM8Pbxw6YMo4r2diNEA8FEmu32YOn9rhaiE5yw=="
    },
    "node_modules/v7": {
      "version": "1.0.1",
      "resolved": "https://registry.npmjs.org/v7/-/v7-1.0.1.tgz",
      "integrity": "sha512-p+74Xz/elNTu1Hpx41Sdp0wNmA2mgbA6NmE4XeLlJRA3kHFqabsEvtzomW7gnpfcemuZAcKAcyfo3Z5QTICjXg=="
    }
  },
  "dependencies": {
    "7": {
      "version": "0.0.1",
      "resolved": "https://registry.npmjs.org/7/-/7-0.0.1.tgz",
      "integrity": "sha512-o9Q7is0K/9DsIRFke4wkUu3f9mVNC+n1wZHG71FAo1U1vhsj7WrUpRfHHrMR11o7jC22xH/6jd5KND/8rhDRlQ=="
    },
    "@types/express-serve-static-core": {
      "version": "4.17.28",
      "resolved": "https://registry.npmjs.org/@types/express-serve-static-core/-/express-serve-static-core-4.17.28.tgz",
      "integrity": "sha512-P1BJAEAW3E2DJUlkgq4tOL3RyMunoWXqbSCygWo5ZIWTjUgN1YnaXWW4VWl/oc8vs/XoYibEGBKP0uZyF4AHig==",
      "requires": {
        "@types/node": "*",
        "@types/qs": "*",
        "@types/range-parser": "*"
      }
    },
    "@types/node": {
      "version": "14.18.36",
      "resolved": "https://registry.npmjs.org/@types/node/-/node-14.18.36.tgz",
      "integrity": "sha512-FXKWbsJ6a1hIrRxv+FoukuHnGTgEzKYGi7kilfMae96AL9UNkPFNWJEEYWzdRI9ooIkbr4AKldyuSTLql06vLQ=="
    },
    "@types/qs": {
      "version": "6.9.7",
      "resolved": "https://registry.npmjs.org/@types/qs/-/qs-6.9.7.tgz",
      "integrity": "sha512-FGa1F62FT09qcrueBA6qYTrJPVDzah9a+493+o2PCXsesWHIn27G98TsSMs3WPNbZIEj4+VJf6saSFpvD+3Zsw=="
    },
    "@types/range-parser": {
      "version": "1.2.4",
      "resolved": "https://registry.npmjs.org/@types/range-parser/-/range-parser-1.2.4.tgz",
      "integrity": "sha512-EEhsLsD6UsDM1yFhAvy0Cjr6VwmpMWqFBCb9w07wVugF7w9nfajxLuVmngTIpgS6svCnm6Vaw+MZhoDCKnOfsw=="
    },
    "laravel-echo": {
      "version": "1.14.2",
      "resolved": "https://registry.npmjs.org/laravel-echo/-/laravel-echo-1.14.2.tgz",
      "integrity": "sha512-oSQOlkdU9xCzW79g45/RN/zAQdjX7aHiVTAswv1pPv1aLukU/kZjMf2NDnkNQAwkORbh0255gahNIUN8M/Ev9g=="
    },
    "pusher-js": {
      "version": "8.0.0",
      "resolved": "https://registry.npmjs.org/pusher-js/-/pusher-js-8.0.0.tgz",
      "integrity": "sha512-YGlUEk8PbM/msaQ+bL6nP7f1f0zOb6nNNtE+TRvENfhvs8ctVftBMmnji8qBNdmW8I80X/956jnvt+8wIu80Kg==",
      "requires": {
        "@types/express-serve-static-core": "4.17.28",
        "@types/node": "^14.14.31",
        "tweetnacl": "^1.0.3"
      }
    },
    "tweetnacl": {
      "version": "1.0.3",
      "resolved": "https://registry.npmjs.org/tweetnacl/-/tweetnacl-1.0.3.tgz",
      "integrity": "sha512-6rt+RN7aOi1nGMyC4Xa5DdYiukl2UWCbcJft7YhxReBGQD7OAM8Pbxw6YMo4r2diNEA8FEmu32YOn9rhaiE5yw=="
    },
    "v7": {
      "version": "1.0.1",
      "resolved": "https://registry.npmjs.org/v7/-/v7-1.0.1.tgz",
      "integrity": "sha512-p+74Xz/elNTu1Hpx41Sdp0wNmA2mgbA6NmE4XeLlJRA3kHFqabsEvtzomW7gnpfcemuZAcKAcyfo3Z5QTICjXg=="
    }
  }
}
